
Microsoft Visual Studio Solution File, Format Version 12.00
# Visual Studio Version 17
VisualStudioVersion = 17.0.31611.283
MinimumVisualStudioVersion = 10.0.40219.1
Project("{9A19103F-16F7-4668-BE54-9A1E7A4F7556}") = "testefsqlite", "testefsqlite\testefsqlite.csproj", "{9BF90F66-467E-40A2-9A38-34D2496C788E}"
EndProject
Project("{FAE04EC0-301F-11D3-BF4B-00C04F79EFBC}") = "SqliteClassLibrary", "SqliteClassLibrary\SqliteClassLibrary.csproj", "{6F04D4FF-4345-4B09-8D38-65C888112A5B}"
EndProject
Global
	GlobalSection(SolutionConfigurationPlatforms) = preSolution
		Debug|Any CPU = Debug|Any CPU
		Release|Any CPU = Release|Any CPU
	EndGlobalSection
	GlobalSection(ProjectConfigurationPlatforms) = postSolution
		{9BF90F66-467E-40A2-9A38-34D2496C788E}.Debug|Any CPU.ActiveCfg = Debug|Any CPU
		{9BF90F66-467E-40A2-9A38-34D2496C788E}.Debug|Any CPU.Build.0 = Debug|Any CPU
		{9BF90F66-467E-40A2-9A38-34D2496C788E}.Debug|Any CPU.Deploy.0 = Debug|Any CPU
		{9BF90F66-467E-40A2-9A38-34D2496C788E}.Release|Any CPU.ActiveCfg = Release|Any CPU
		{9BF90F66-467E-40A2-9A38-34D2496C788E}.Release|Any CPU.Build.0 = Release|Any CPU
		{9BF90F66-467E-40A2-9A38-34D2496C788E}.Release|Any CPU.Deploy.0 = Release|Any CPU
		{6F04D4FF-4345-4B09-8D38-65C888112A5B}.Debug|Any CPU.ActiveCfg = Debug|Any CPU
		{6F04D4FF-4345-4B09-8D38-65C888112A5B}.Debug|Any CPU.Build.0 = Debug|Any CPU
		{6F04D4FF-4345-4B09-8D38-65C888112A5B}.Release|Any CPU.ActiveCfg = Release|Any CPU
		{6F04D4FF-4345-4B09-8D38-65C888112A5B}.Release|Any CPU.Build.0 = Release|Any CPU
	EndGlobalSection
	GlobalSection(SolutionProperties) = preSolution
		HideSolutionNode = FALSE
	EndGlobalSection
	GlobalSection(ExtensibilityGlobals) = postSolution
		SolutionGuid = {61F7FB11-1E47-470C-91E2-47F8143E1572}
	EndGlobalSection
EndGlobal
